
Microsoft Visual Studio Solution File, Format Version 12.00
# Visual Studio Version 17
VisualStudioVersion = 17.5.002.0
MinimumVisualStudioVersion = 10.0.40219.1
Project("{9A19103F-16F7-4668-BE54-9A1E7A4F7556}") = "Cinema", "Cinema.csproj", "{28691E21-3E5E-4499-97B7-86837D203F19}"
EndProject
Global
	GlobalSection(SolutionConfigurationPlatforms) = preSolution
		Debug|Any CPU = Debug|Any CPU
		Release|Any CPU = Release|Any CPU
	EndGlobalSection
	GlobalSection(ProjectConfigurationPlatforms) = postSolution
		{28691E21-3E5E-4499-97B7-86837D203F19}.Debug|Any CPU.ActiveCfg = Debug|Any CPU
		{28691E21-3E5E-4499-97B7-86837D203F19}.Debug|Any CPU.Build.0 = Debug|Any CPU
		{28691E21-3E5E-4499-97B7-86837D203F19}.Release|Any CPU.ActiveCfg = Release|Any CPU
		{28691E21-3E5E-4499-97B7-86837D203F19}.Release|Any CPU.Build.0 = Release|Any CPU
	EndGlobalSection
	GlobalSection(SolutionProperties) = preSolution
		HideSolutionNode = FALSE
	EndGlobalSection
	GlobalSection(ExtensibilityGlobals) = postSolution
		SolutionGuid = {D2C90EFD-DF23-446F-9E7B-B8AF041D67CF}
	EndGlobalSection
EndGlobal
